// !$*UTF8*$!
{
	archiveVersion = 1;
	classes = {
	};
	objectVersion = 56;
	objects = {

/* Begin PBXBuildFile section */
		62BB78BD29B5868300C9DD83 /* AppDelegate.swift in Sources */ = {isa = PBXBuildFile; fileRef = 62BB78BC29B5868300C9DD83 /* AppDelegate.swift */; };
		62BB78BF29B5868300C9DD83 /* GameScene.sks in Resources */ = {isa = PBXBuildFile; fileRef = 62BB78BE29B5868300C9DD83 /* GameScene.sks */; };
		62BB78C129B5868300C9DD83 /* Actions.sks in Resources */ = {isa = PBXBuildFile; fileRef = 62BB78C029B5868300C9DD83 /* Actions.sks */; };
		62BB78C329B5868300C9DD83 /* GameScene.swift in Sources */ = {isa = PBXBuildFile; fileRef = 62BB78C229B5868300C9DD83 /* GameScene.swift */; };
		62BB78C529B5868300C9DD83 /* GameViewController.swift in Sources */ = {isa = PBXBuildFile; fileRef = 62BB78C429B5868300C9DD83 /* GameViewController.swift */; };
		62BB78C829B5868300C9DD83 /* Main.storyboard in Resources */ = {isa = PBXBuildFile; fileRef = 62BB78C629B5868300C9DD83 /* Main.storyboard */; };
		62BB78CA29B5868300C9DD83 /* Assets.xcassets in Resources */ = {isa = PBXBuildFile; fileRef = 62BB78C929B5868300C9DD83 /* Assets.xcassets */; };
		62BB78CD29B5868300C9DD83 /* LaunchScreen.storyboard in Resources */ = {isa = PBXBuildFile; fileRef = 62BB78CB29B5868300C9DD83 /* LaunchScreen.storyboard */; };
		62BB78EB29B5891A00C9DD83 /* plane3.png in Resources */ = {isa = PBXBuildFile; fileRef = 62BB78D729B5891A00C9DD83 /* plane3.png */; };
		62BB78EC29B5891A00C9DD83 /* plane2.png in Resources */ = {isa = PBXBuildFile; fileRef = 62BB78D829B5891A00C9DD83 /* plane2.png */; };
		62BB78ED29B5891A00C9DD83 /* plane1.png in Resources */ = {isa = PBXBuildFile; fileRef = 62BB78D929B5891A00C9DD83 /* plane1.png */; };
		62BB78EE29B5891A00C9DD83 /* backButton.png in Resources */ = {isa = PBXBuildFile; fileRef = 62BB78DA29B5891A00C9DD83 /* backButton.png */; };
		62BB78EF29B5891A00C9DD83 /* plane.png in Resources */ = {isa = PBXBuildFile; fileRef = 62BB78DB29B5891A00C9DD83 /* plane.png */; };
		62BB78F029B5891A00C9DD83 /* island.png in Resources */ = {isa = PBXBuildFile; fileRef = 62BB78DC29B5891A00C9DD83 /* island.png */; };
		62BB78F129B5891A00C9DD83 /* ocean.gif in Resources */ = {isa = PBXBuildFile; fileRef = 62BB78DD29B5891A00C9DD83 /* ocean.gif */; };
		62BB78F229B5891A00C9DD83 /* cloud.png in Resources */ = {isa = PBXBuildFile; fileRef = 62BB78DE29B5891A00C9DD83 /* cloud.png */; };
		62BB78F329B5891A00C9DD83 /* nextButton.png in Resources */ = {isa = PBXBuildFile; fileRef = 62BB78DF29B5891A00C9DD83 /* nextButton.png */; };
		62BB78F429B5891A00C9DD83 /* ocean.png in Resources */ = {isa = PBXBuildFile; fileRef = 62BB78E029B5891A00C9DD83 /* ocean.png */; };
		62BB78F529B5891A00C9DD83 /* startButton.png in Resources */ = {isa = PBXBuildFile; fileRef = 62BB78E129B5891A00C9DD83 /* startButton.png */; };
		62BB78F629B5891A00C9DD83 /* thunder.ogg in Resources */ = {isa = PBXBuildFile; fileRef = 62BB78E329B5891A00C9DD83 /* thunder.ogg */; };
		62BB78F729B5891A00C9DD83 /* yay.ogg in Resources */ = {isa = PBXBuildFile; fileRef = 62BB78E429B5891A00C9DD83 /* yay.ogg */; };
		62BB78F829B5891A00C9DD83 /* engine.ogg in Resources */ = {isa = PBXBuildFile; fileRef = 62BB78E529B5891A00C9DD83 /* engine.ogg */; };
		62BB78F929B5891A00C9DD83 /* engine.mp3 in Resources */ = {isa = PBXBuildFile; fileRef = 62BB78E629B5891A00C9DD83 /* engine.mp3 */; };
		62BB78FA29B5891A00C9DD83 /* thunder.mp3 in Resources */ = {isa = PBXBuildFile; fileRef = 62BB78E729B5891A00C9DD83 /* thunder.mp3 */; };
		62BB78FB29B5891A00C9DD83 /* yay.mp3 in Resources */ = {isa = PBXBuildFile; fileRef = 62BB78E829B5891A00C9DD83 /* yay.mp3 */; };
		62BB78FC29B5891A00C9DD83 /* Dock51.ttf in Resources */ = {isa = PBXBuildFile; fileRef = 62BB78EA29B5891A00C9DD83 /* Dock51.ttf */; };
		62BB790029B589E900C9DD83 /* GameProtocol.swift in Sources */ = {isa = PBXBuildFile; fileRef = 62BB78FE29B589E900C9DD83 /* GameProtocol.swift */; };
		62BB790129B589E900C9DD83 /* GameObject.swift in Sources */ = {isa = PBXBuildFile; fileRef = 62BB78FF29B589E900C9DD83 /* GameObject.swift */; };
		62BB790829B58D9400C9DD83 /* Island.swift in Sources */ = {isa = PBXBuildFile; fileRef = 62BB790329B58D9400C9DD83 /* Island.swift */; };
		62BB790929B58D9400C9DD83 /* Cloud.swift in Sources */ = {isa = PBXBuildFile; fileRef = 62BB790429B58D9400C9DD83 /* Cloud.swift */; };
		62BB790A29B58D9400C9DD83 /* Ocean.swift in Sources */ = {isa = PBXBuildFile; fileRef = 62BB790529B58D9400C9DD83 /* Ocean.swift */; };
		62BB790B29B58D9400C9DD83 /* Player.swift in Sources */ = {isa = PBXBuildFile; fileRef = 62BB790629B58D9400C9DD83 /* Player.swift */; };
		62BB790C29B58D9400C9DD83 /* Layer.swift in Sources */ = {isa = PBXBuildFile; fileRef = 62BB790729B58D9400C9DD83 /* Layer.swift */; };
		62BB791029B58F1F00C9DD83 /* ScoreManager.swift in Sources */ = {isa = PBXBuildFile; fileRef = 62BB790E29B58F1F00C9DD83 /* ScoreManager.swift */; };
		62BB791129B58F1F00C9DD83 /* CollisionManager.swift in Sources */ = {isa = PBXBuildFile; fileRef = 62BB790F29B58F1F00C9DD83 /* CollisionManager.swift */; };
/* End PBXBuildFile section */

/* Begin PBXFileReference section */
		62BB78B929B5868300C9DD83 /* MAPD724-W2022-MidTerm-301289364.app */ = {isa = PBXFileReference; explicitFileType = wrapper.application; includeInIndex = 0; path = "MAPD724-W2022-MidTerm-301289364.app"; sourceTree = BUILT_PRODUCTS_DIR; };
		62BB78BC29B5868300C9DD83 /* AppDelegate.swift */ = {isa = PBXFileReference; lastKnownFileType = sourcecode.swift; path = AppDelegate.swift; sourceTree = "<group>"; };
		62BB78BE29B5868300C9DD83 /* GameScene.sks */ = {isa = PBXFileReference; lastKnownFileType = file.sks; path = GameScene.sks; sourceTree = "<group>"; };
		62BB78C029B5868300C9DD83 /* Actions.sks */ = {isa = PBXFileReference; lastKnownFileType = file.sks; path = Actions.sks; sourceTree = "<group>"; };
		62BB78C229B5868300C9DD83 /* GameScene.swift */ = {isa = PBXFileReference; lastKnownFileType = sourcecode.swift; path = GameScene.swift; sourceTree = "<group>"; };
		62BB78C429B5868300C9DD83 /* GameViewController.swift */ = {isa = PBXFileReference; lastKnownFileType = sourcecode.swift; path = GameViewController.swift; sourceTree = "<group>"; };
		62BB78C729B5868300C9DD83 /* Base */ = {isa = PBXFileReference; lastKnownFileType = file.storyboard; name = Base; path = Base.lproj/Main.storyboard; sourceTree = "<group>"; };
		62BB78C929B5868300C9DD83 /* Assets.xcassets */ = {isa = PBXFileReference; lastKnownFileType = folder.assetcatalog; path = Assets.xcassets; sourceTree = "<group>"; };
		62BB78CC29B5868300C9DD83 /* Base */ = {isa = PBXFileReference; lastKnownFileType = file.storyboard; name = Base; path = Base.lproj/LaunchScreen.storyboard; sourceTree = "<group>"; };
		62BB78D729B5891A00C9DD83 /* plane3.png */ = {isa = PBXFileReference; lastKnownFileType = image.png; path = plane3.png; sourceTree = "<group>"; };
		62BB78D829B5891A00C9DD83 /* plane2.png */ = {isa = PBXFileReference; lastKnownFileType = image.png; path = plane2.png; sourceTree = "<group>"; };
		62BB78D929B5891A00C9DD83 /* plane1.png */ = {isa = PBXFileReference; lastKnownFileType = image.png; path = plane1.png; sourceTree = "<group>"; };
		62BB78DA29B5891A00C9DD83 /* backButton.png */ = {isa = PBXFileReference; lastKnownFileType = image.png; path = backButton.png; sourceTree = "<group>"; };
		62BB78DB29B5891A00C9DD83 /* plane.png */ = {isa = PBXFileReference; lastKnownFileType = image.png; path = plane.png; sourceTree = "<group>"; };
		62BB78DC29B5891A00C9DD83 /* island.png */ = {isa = PBXFileReference; lastKnownFileType = image.png; path = island.png; sourceTree = "<group>"; };
		62BB78DD29B5891A00C9DD83 /* ocean.gif */ = {isa = PBXFileReference; lastKnownFileType = image.gif; path = ocean.gif; sourceTree = "<group>"; };
		62BB78DE29B5891A00C9DD83 /* cloud.png */ = {isa = PBXFileReference; lastKnownFileType = image.png; path = cloud.png; sourceTree = "<group>"; };
		62BB78DF29B5891A00C9DD83 /* nextButton.png */ = {isa = PBXFileReference; lastKnownFileType = image.png; path = nextButton.png; sourceTree = "<group>"; };
		62BB78E029B5891A00C9DD83 /* ocean.png */ = {isa = PBXFileReference; lastKnownFileType = image.png; path = ocean.png; sourceTree = "<group>"; };
		62BB78E129B5891A00C9DD83 /* startButton.png */ = {isa = PBXFileReference; lastKnownFileType = image.png; path = startButton.png; sourceTree = "<group>"; };
		62BB78E329B5891A00C9DD83 /* thunder.ogg */ = {isa = PBXFileReference; lastKnownFileType = file; path = thunder.ogg; sourceTree = "<group>"; };
		62BB78E429B5891A00C9DD83 /* yay.ogg */ = {isa = PBXFileReference; lastKnownFileType = file; path = yay.ogg; sourceTree = "<group>"; };
		62BB78E529B5891A00C9DD83 /* engine.ogg */ = {isa = PBXFileReference; lastKnownFileType = file; path = engine.ogg; sourceTree = "<group>"; };
		62BB78E629B5891A00C9DD83 /* engine.mp3 */ = {isa = PBXFileReference; lastKnownFileType = audio.mp3; path = engine.mp3; sourceTree = "<group>"; };
		62BB78E729B5891A00C9DD83 /* thunder.mp3 */ = {isa = PBXFileReference; lastKnownFileType = audio.mp3; path = thunder.mp3; sourceTree = "<group>"; };
		62BB78E829B5891A00C9DD83 /* yay.mp3 */ = {isa = PBXFileReference; lastKnownFileType = audio.mp3; path = yay.mp3; sourceTree = "<group>"; };
		62BB78EA29B5891A00C9DD83 /* Dock51.ttf */ = {isa = PBXFileReference; lastKnownFileType = file; path = Dock51.ttf; sourceTree = "<group>"; };
		62BB78FE29B589E900C9DD83 /* GameProtocol.swift */ = {isa = PBXFileReference; fileEncoding = 4; lastKnownFileType = sourcecode.swift; path = GameProtocol.swift; sourceTree = "<group>"; };
		62BB78FF29B589E900C9DD83 /* GameObject.swift */ = {isa = PBXFileReference; fileEncoding = 4; lastKnownFileType = sourcecode.swift; path = GameObject.swift; sourceTree = "<group>"; };
		62BB790329B58D9400C9DD83 /* Island.swift */ = {isa = PBXFileReference; fileEncoding = 4; lastKnownFileType = sourcecode.swift; path = Island.swift; sourceTree = "<group>"; };
		62BB790429B58D9400C9DD83 /* Cloud.swift */ = {isa = PBXFileReference; fileEncoding = 4; lastKnownFileType = sourcecode.swift; path = Cloud.swift; sourceTree = "<group>"; };
		62BB790529B58D9400C9DD83 /* Ocean.swift */ = {isa = PBXFileReference; fileEncoding = 4; lastKnownFileType = sourcecode.swift; path = Ocean.swift; sourceTree = "<group>"; };
		62BB790629B58D9400C9DD83 /* Player.swift */ = {isa = PBXFileReference; fileEncoding = 4; lastKnownFileType = sourcecode.swift; path = Player.swift; sourceTree = "<group>"; };
		62BB790729B58D9400C9DD83 /* Layer.swift */ = {isa = PBXFileReference; fileEncoding = 4; lastKnownFileType = sourcecode.swift; path = Layer.swift; sourceTree = "<group>"; };
		62BB790E29B58F1F00C9DD83 /* ScoreManager.swift */ = {isa = PBXFileReference; fileEncoding = 4; lastKnownFileType = sourcecode.swift; path = ScoreManager.swift; sourceTree = "<group>"; };
		62BB790F29B58F1F00C9DD83 /* CollisionManager.swift */ = {isa = PBXFileReference; fileEncoding = 4; lastKnownFileType = sourcecode.swift; path = CollisionManager.swift; sourceTree = "<group>"; };
/* End PBXFileReference section */

/* Begin PBXFrameworksBuildPhase section */
		62BB78B629B5868300C9DD83 /* Frameworks */ = {
			isa = PBXFrameworksBuildPhase;
			buildActionMask = 2147483647;
			files = (
			);
			runOnlyForDeploymentPostprocessing = 0;
		};
/* End PBXFrameworksBuildPhase section */

/* Begin PBXGroup section */
		62BB78B029B5868200C9DD83 = {
			isa = PBXGroup;
			children = (
				62BB78BB29B5868300C9DD83 /* MAPD724-W2022-MidTerm-301289364 */,
				62BB78BA29B5868300C9DD83 /* Products */,
			);
			sourceTree = "<group>";
		};
		62BB78BA29B5868300C9DD83 /* Products */ = {
			isa = PBXGroup;
			children = (
				62BB78B929B5868300C9DD83 /* MAPD724-W2022-MidTerm-301289364.app */,
			);
			name = Products;
			sourceTree = "<group>";
		};
		62BB78BB29B5868300C9DD83 /* MAPD724-W2022-MidTerm-301289364 */ = {
			isa = PBXGroup;
			children = (
				62BB790D29B58F1F00C9DD83 /* Managers */,
				62BB790229B58D9400C9DD83 /* GameObjects */,
				62BB78FD29B589E900C9DD83 /* core */,
				62BB78D529B5891A00C9DD83 /* Assets */,
				62BB78BC29B5868300C9DD83 /* AppDelegate.swift */,
				62BB78BE29B5868300C9DD83 /* GameScene.sks */,
				62BB78C029B5868300C9DD83 /* Actions.sks */,
				62BB78C229B5868300C9DD83 /* GameScene.swift */,
				62BB78C429B5868300C9DD83 /* GameViewController.swift */,
				62BB78C629B5868300C9DD83 /* Main.storyboard */,
				62BB78C929B5868300C9DD83 /* Assets.xcassets */,
				62BB78CB29B5868300C9DD83 /* LaunchScreen.storyboard */,
			);
			path = "MAPD724-W2022-MidTerm-301289364";
			sourceTree = "<group>";
		};
		62BB78D529B5891A00C9DD83 /* Assets */ = {
			isa = PBXGroup;
			children = (
				62BB78D629B5891A00C9DD83 /* images */,
				62BB78E229B5891A00C9DD83 /* audio */,
				62BB78E929B5891A00C9DD83 /* fonts */,
			);
			path = Assets;
			sourceTree = "<group>";
		};
		62BB78D629B5891A00C9DD83 /* images */ = {
			isa = PBXGroup;
			children = (
				62BB78D729B5891A00C9DD83 /* plane3.png */,
				62BB78D829B5891A00C9DD83 /* plane2.png */,
				62BB78D929B5891A00C9DD83 /* plane1.png */,
				62BB78DA29B5891A00C9DD83 /* backButton.png */,
				62BB78DB29B5891A00C9DD83 /* plane.png */,
				62BB78DC29B5891A00C9DD83 /* island.png */,
				62BB78DD29B5891A00C9DD83 /* ocean.gif */,
				62BB78DE29B5891A00C9DD83 /* cloud.png */,
				62BB78DF29B5891A00C9DD83 /* nextButton.png */,
				62BB78E029B5891A00C9DD83 /* ocean.png */,
				62BB78E129B5891A00C9DD83 /* startButton.png */,
			);
			path = images;
			sourceTree = "<group>";
		};
		62BB78E229B5891A00C9DD83 /* audio */ = {
			isa = PBXGroup;
			children = (
				62BB78E329B5891A00C9DD83 /* thunder.ogg */,
				62BB78E429B5891A00C9DD83 /* yay.ogg */,
				62BB78E529B5891A00C9DD83 /* engine.ogg */,
				62BB78E629B5891A00C9DD83 /* engine.mp3 */,
				62BB78E729B5891A00C9DD83 /* thunder.mp3 */,
				62BB78E829B5891A00C9DD83 /* yay.mp3 */,
			);
			path = audio;
			sourceTree = "<group>";
		};
		62BB78E929B5891A00C9DD83 /* fonts */ = {
			isa = PBXGroup;
			children = (
				62BB78EA29B5891A00C9DD83 /* Dock51.ttf */,
			);
			path = fonts;
			sourceTree = "<group>";
		};
		62BB78FD29B589E900C9DD83 /* core */ = {
			isa = PBXGroup;
			children = (
				62BB78FE29B589E900C9DD83 /* GameProtocol.swift */,
				62BB78FF29B589E900C9DD83 /* GameObject.swift */,
			);
			path = core;
			sourceTree = "<group>";
		};
		62BB790229B58D9400C9DD83 /* GameObjects */ = {
			isa = PBXGroup;
			children = (
				62BB790329B58D9400C9DD83 /* Island.swift */,
				62BB790429B58D9400C9DD83 /* Cloud.swift */,
				62BB790529B58D9400C9DD83 /* Ocean.swift */,
				62BB790629B58D9400C9DD83 /* Player.swift */,
				62BB790729B58D9400C9DD83 /* Layer.swift */,
			);
			path = GameObjects;
			sourceTree = "<group>";
		};
		62BB790D29B58F1F00C9DD83 /* Managers */ = {
			isa = PBXGroup;
			children = (
				62BB790E29B58F1F00C9DD83 /* ScoreManager.swift */,
				62BB790F29B58F1F00C9DD83 /* CollisionManager.swift */,
			);
			path = Managers;
			sourceTree = "<group>";
		};
/* End PBXGroup section */

/* Begin PBXNativeTarget section */
		62BB78B829B5868300C9DD83 /* MAPD724-W2022-MidTerm-301289364 */ = {
			isa = PBXNativeTarget;
			buildConfigurationList = 62BB78D029B5868300C9DD83 /* Build configuration list for PBXNativeTarget "MAPD724-W2022-MidTerm-301289364" */;
			buildPhases = (
				62BB78B529B5868300C9DD83 /* Sources */,
				62BB78B629B5868300C9DD83 /* Frameworks */,
				62BB78B729B5868300C9DD83 /* Resources */,
			);
			buildRules = (
			);
			dependencies = (
			);
			name = "MAPD724-W2022-MidTerm-301289364";
			productName = "MAPD724-W2022-MidTerm-301289364";
			productReference = 62BB78B929B5868300C9DD83 /* MAPD724-W2022-MidTerm-301289364.app */;
			productType = "com.apple.product-type.application";
		};
/* End PBXNativeTarget section */

/* Begin PBXProject section */
		62BB78B129B5868200C9DD83 /* Project object */ = {
			isa = PBXProject;
			attributes = {
				BuildIndependentTargetsInParallel = 1;
				LastSwiftUpdateCheck = 1420;
				LastUpgradeCheck = 1420;
				TargetAttributes = {
					62BB78B829B5868300C9DD83 = {
						CreatedOnToolsVersion = 14.2;
					};
				};
			};
			buildConfigurationList = 62BB78B429B5868200C9DD83 /* Build configuration list for PBXProject "MAPD724-W2022-MidTerm-301289364" */;
			compatibilityVersion = "Xcode 14.0";
			developmentRegion = en;
			hasScannedForEncodings = 0;
			knownRegions = (
				en,
				Base,
			);
			mainGroup = 62BB78B029B5868200C9DD83;
			productRefGroup = 62BB78BA29B5868300C9DD83 /* Products */;
			projectDirPath = "";
			projectRoot = "";
			targets = (
				62BB78B829B5868300C9DD83 /* MAPD724-W2022-MidTerm-301289364 */,
			);
		};
/* End PBXProject section */

/* Begin PBXResourcesBuildPhase section */
		62BB78B729B5868300C9DD83 /* Resources */ = {
			isa = PBXResourcesBuildPhase;
			buildActionMask = 2147483647;
			files = (
				62BB78C829B5868300C9DD83 /* Main.storyboard in Resources */,
				62BB78F029B5891A00C9DD83 /* island.png in Resources */,
				62BB78F629B5891A00C9DD83 /* thunder.ogg in Resources */,
				62BB78F329B5891A00C9DD83 /* nextButton.png in Resources */,
				62BB78BF29B5868300C9DD83 /* GameScene.sks in Resources */,
				62BB78FC29B5891A00C9DD83 /* Dock51.ttf in Resources */,
				62BB78EF29B5891A00C9DD83 /* plane.png in Resources */,
				62BB78F929B5891A00C9DD83 /* engine.mp3 in Resources */,
				62BB78EB29B5891A00C9DD83 /* plane3.png in Resources */,
				62BB78FA29B5891A00C9DD83 /* thunder.mp3 in Resources */,
				62BB78CA29B5868300C9DD83 /* Assets.xcassets in Resources */,
				62BB78F429B5891A00C9DD83 /* ocean.png in Resources */,
				62BB78F729B5891A00C9DD83 /* yay.ogg in Resources */,
				62BB78FB29B5891A00C9DD83 /* yay.mp3 in Resources */,
				62BB78EE29B5891A00C9DD83 /* backButton.png in Resources */,
				62BB78F129B5891A00C9DD83 /* ocean.gif in Resources */,
				62BB78CD29B5868300C9DD83 /* LaunchScreen.storyboard in Resources */,
				62BB78C129B5868300C9DD83 /* Actions.sks in Resources */,
				62BB78F529B5891A00C9DD83 /* startButton.png in Resources */,
				62BB78F229B5891A00C9DD83 /* cloud.png in Resources */,
				62BB78F829B5891A00C9DD83 /* engine.ogg in Resources */,
				62BB78ED29B5891A00C9DD83 /* plane1.png in Resources */,
				62BB78EC29B5891A00C9DD83 /* plane2.png in Resources */,
			);
			runOnlyForDeploymentPostprocessing = 0;
		};
/* End PBXResourcesBuildPhase section */

/* Begin PBXSourcesBuildPhase section */
		62BB78B529B5868300C9DD83 /* Sources */ = {
			isa = PBXSourcesBuildPhase;
			buildActionMask = 2147483647;
			files = (
				62BB791129B58F1F00C9DD83 /* CollisionManager.swift in Sources */,
				62BB78C329B5868300C9DD83 /* GameScene.swift in Sources */,
				62BB790029B589E900C9DD83 /* GameProtocol.swift in Sources */,
				62BB790829B58D9400C9DD83 /* Island.swift in Sources */,
				62BB78C529B5868300C9DD83 /* GameViewController.swift in Sources */,
				62BB790A29B58D9400C9DD83 /* Ocean.swift in Sources */,
				62BB790929B58D9400C9DD83 /* Cloud.swift in Sources */,
				62BB78BD29B5868300C9DD83 /* AppDelegate.swift in Sources */,
				62BB790C29B58D9400C9DD83 /* Layer.swift in Sources */,
				62BB790B29B58D9400C9DD83 /* Player.swift in Sources */,
				62BB791029B58F1F00C9DD83 /* ScoreManager.swift in Sources */,
				62BB790129B589E900C9DD83 /* GameObject.swift in Sources */,
			);
			runOnlyForDeploymentPostprocessing = 0;
		};
/* End PBXSourcesBuildPhase section */

/* Begin PBXVariantGroup section */
		62BB78C629B5868300C9DD83 /* Main.storyboard */ = {
			isa = PBXVariantGroup;
			children = (
				62BB78C729B5868300C9DD83 /* Base */,
			);
			name = Main.storyboard;
			sourceTree = "<group>";
		};
		62BB78CB29B5868300C9DD83 /* LaunchScreen.storyboard */ = {
			isa = PBXVariantGroup;
			children = (
				62BB78CC29B5868300C9DD83 /* Base */,
			);
			name = LaunchScreen.storyboard;
			sourceTree = "<group>";
		};
/* End PBXVariantGroup section */

/* Begin XCBuildConfiguration section */
		62BB78CE29B5868300C9DD83 /* Debug */ = {
			isa = XCBuildConfiguration;
			buildSettings = {
				ALWAYS_SEARCH_USER_PATHS = NO;
				CLANG_ANALYZER_NONNULL = YES;
				CLANG_ANALYZER_NUMBER_OBJECT_CONVERSION = YES_AGGRESSIVE;
				CLANG_CXX_LANGUAGE_STANDARD = "gnu++20";
				CLANG_ENABLE_MODULES = YES;
				CLANG_ENABLE_OBJC_ARC = YES;
				CLANG_ENABLE_OBJC_WEAK = YES;
				CLANG_WARN_BLOCK_CAPTURE_AUTORELEASING = YES;
				CLANG_WARN_BOOL_CONVERSION = YES;
				CLANG_WARN_COMMA = YES;
				CLANG_WARN_CONSTANT_CONVERSION = YES;
				CLANG_WARN_DEPRECATED_OBJC_IMPLEMENTATIONS = YES;
				CLANG_WARN_DIRECT_OBJC_ISA_USAGE = YES_ERROR;
				CLANG_WARN_DOCUMENTATION_COMMENTS = YES;
				CLANG_WARN_EMPTY_BODY = YES;
				CLANG_WARN_ENUM_CONVERSION = YES;
				CLANG_WARN_INFINITE_RECURSION = YES;
				CLANG_WARN_INT_CONVERSION = YES;
				CLANG_WARN_NON_LITERAL_NULL_CONVERSION = YES;
				CLANG_WARN_OBJC_IMPLICIT_RETAIN_SELF = YES;
				CLANG_WARN_OBJC_LITERAL_CONVERSION = YES;
				CLANG_WARN_OBJC_ROOT_CLASS = YES_ERROR;
				CLANG_WARN_QUOTED_INCLUDE_IN_FRAMEWORK_HEADER = YES;
				CLANG_WARN_RANGE_LOOP_ANALYSIS = YES;
				CLANG_WARN_STRICT_PROTOTYPES = YES;
				CLANG_WARN_SUSPICIOUS_MOVE = YES;
				CLANG_WARN_UNGUARDED_AVAILABILITY = YES_AGGRESSIVE;
				CLANG_WARN_UNREACHABLE_CODE = YES;
				CLANG_WARN__DUPLICATE_METHOD_MATCH = YES;
				COPY_PHASE_STRIP = NO;
				DEBUG_INFORMATION_FORMAT = dwarf;
				ENABLE_STRICT_OBJC_MSGSEND = YES;
				ENABLE_TESTABILITY = YES;
				GCC_C_LANGUAGE_STANDARD = gnu11;
				GCC_DYNAMIC_NO_PIC = NO;
				GCC_NO_COMMON_BLOCKS = YES;
				GCC_OPTIMIZATION_LEVEL = 0;
				GCC_PREPROCESSOR_DEFINITIONS = (
					"DEBUG=1",
					"$(inherited)",
				);
				GCC_WARN_64_TO_32_BIT_CONVERSION = YES;
				GCC_WARN_ABOUT_RETURN_TYPE = YES_ERROR;
				GCC_WARN_UNDECLARED_SELECTOR = YES;
				GCC_WARN_UNINITIALIZED_AUTOS = YES_AGGRESSIVE;
				GCC_WARN_UNUSED_FUNCTION = YES;
				GCC_WARN_UNUSED_VARIABLE = YES;
				IPHONEOS_DEPLOYMENT_TARGET = 16.2;
				MTL_ENABLE_DEBUG_INFO = INCLUDE_SOURCE;
				MTL_FAST_MATH = YES;
				ONLY_ACTIVE_ARCH = YES;
				SDKROOT = iphoneos;
				SWIFT_ACTIVE_COMPILATION_CONDITIONS = DEBUG;
				SWIFT_OPTIMIZATION_LEVEL = "-Onone";
			};
			name = Debug;
		};
		62BB78CF29B5868300C9DD83 /* Release */ = {
			isa = XCBuildConfiguration;
			buildSettings = {
				ALWAYS_SEARCH_USER_PATHS = NO;
				CLANG_ANALYZER_NONNULL = YES;
				CLANG_ANALYZER_NUMBER_OBJECT_CONVERSION = YES_AGGRESSIVE;
				CLANG_CXX_LANGUAGE_STANDARD = "gnu++20";
				CLANG_ENABLE_MODULES = YES;
				CLANG_ENABLE_OBJC_ARC = YES;
				CLANG_ENABLE_OBJC_WEAK = YES;
				CLANG_WARN_BLOCK_CAPTURE_AUTORELEASING = YES;
				CLANG_WARN_BOOL_CONVERSION = YES;
				CLANG_WARN_COMMA = YES;
				CLANG_WARN_CONSTANT_CONVERSION = YES;
				CLANG_WARN_DEPRECATED_OBJC_IMPLEMENTATIONS = YES;
				CLANG_WARN_DIRECT_OBJC_ISA_USAGE = YES_ERROR;
				CLANG_WARN_DOCUMENTATION_COMMENTS = YES;
				CLANG_WARN_EMPTY_BODY = YES;
				CLANG_WARN_ENUM_CONVERSION = YES;
				CLANG_WARN_INFINITE_RECURSION = YES;
				CLANG_WARN_INT_CONVERSION = YES;
				CLANG_WARN_NON_LITERAL_NULL_CONVERSION = YES;
				CLANG_WARN_OBJC_IMPLICIT_RETAIN_SELF = YES;
				CLANG_WARN_OBJC_LITERAL_CONVERSION = YES;
				CLANG_WARN_OBJC_ROOT_CLASS = YES_ERROR;
				CLANG_WARN_QUOTED_INCLUDE_IN_FRAMEWORK_HEADER = YES;
				CLANG_WARN_RANGE_LOOP_ANALYSIS = YES;
				CLANG_WARN_STRICT_PROTOTYPES = YES;
				CLANG_WARN_SUSPICIOUS_MOVE = YES;
				CLANG_WARN_UNGUARDED_AVAILABILITY = YES_AGGRESSIVE;
				CLANG_WARN_UNREACHABLE_CODE = YES;
				CLANG_WARN__DUPLICATE_METHOD_MATCH = YES;
				COPY_PHASE_STRIP = NO;
				DEBUG_INFORMATION_FORMAT = "dwarf-with-dsym";
				ENABLE_NS_ASSERTIONS = NO;
				ENABLE_STRICT_OBJC_MSGSEND = YES;
				GCC_C_LANGUAGE_STANDARD = gnu11;
				GCC_NO_COMMON_BLOCKS = YES;
				GCC_WARN_64_TO_32_BIT_CONVERSION = YES;
				GCC_WARN_ABOUT_RETURN_TYPE = YES_ERROR;
				GCC_WARN_UNDECLARED_SELECTOR = YES;
				GCC_WARN_UNINITIALIZED_AUTOS = YES_AGGRESSIVE;
				GCC_WARN_UNUSED_FUNCTION = YES;
				GCC_WARN_UNUSED_VARIABLE = YES;
				IPHONEOS_DEPLOYMENT_TARGET = 16.2;
				MTL_ENABLE_DEBUG_INFO = NO;
				MTL_FAST_MATH = YES;
				SDKROOT = iphoneos;
				SWIFT_COMPILATION_MODE = wholemodule;
				SWIFT_OPTIMIZATION_LEVEL = "-O";
				VALIDATE_PRODUCT = YES;
			};
			name = Release;
		};
		62BB78D129B5868300C9DD83 /* Debug */ = {
			isa = XCBuildConfiguration;
			buildSettings = {
				ASSETCATALOG_COMPILER_APPICON_NAME = AppIcon;
				ASSETCATALOG_COMPILER_GLOBAL_ACCENT_COLOR_NAME = AccentColor;
				CODE_SIGN_STYLE = Automatic;
				CURRENT_PROJECT_VERSION = 1;
				DEVELOPMENT_TEAM = 4VR458LPYH;
				GENERATE_INFOPLIST_FILE = YES;
				INFOPLIST_KEY_UIApplicationSupportsIndirectInputEvents = YES;
				INFOPLIST_KEY_UILaunchStoryboardName = LaunchScreen;
				INFOPLIST_KEY_UIMainStoryboardFile = Main;
				INFOPLIST_KEY_UIStatusBarHidden = YES;
				INFOPLIST_KEY_UISupportedInterfaceOrientations = "UIInterfaceOrientationLandscapeLeft UIInterfaceOrientationLandscapeRight";
				INFOPLIST_KEY_UISupportedInterfaceOrientations_iPad = "UIInterfaceOrientationLandscapeLeft UIInterfaceOrientationLandscapeRight UIInterfaceOrientationPortrait UIInterfaceOrientationPortraitUpsideDown";
				LD_RUNPATH_SEARCH_PATHS = (
					"$(inherited)",
					"@executable_path/Frameworks",
				);
				MARKETING_VERSION = 1.0;
				PRODUCT_BUNDLE_IDENTIFIER = "ca.centennialcollege.hisham.MAPD724-W2022-MidTerm-301289364";
				PRODUCT_NAME = "$(TARGET_NAME)";
				SUPPORTED_PLATFORMS = "iphoneos iphonesimulator";
				SUPPORTS_MACCATALYST = NO;
				SUPPORTS_MAC_DESIGNED_FOR_IPHONE_IPAD = NO;
				SWIFT_EMIT_LOC_STRINGS = YES;
				SWIFT_VERSION = 5.0;
				TARGETED_DEVICE_FAMILY = 1;
			};
			name = Debug;
		};
		62BB78D229B5868300C9DD83 /* Release */ = {
			isa = XCBuildConfiguration;
			buildSettings = {
				ASSETCATALOG_COMPILER_APPICON_NAME = AppIcon;
				ASSETCATALOG_COMPILER_GLOBAL_ACCENT_COLOR_NAME = AccentColor;
				CODE_SIGN_STYLE = Automatic;
				CURRENT_PROJECT_VERSION = 1;
				DEVELOPMENT_TEAM = 4VR458LPYH;
				GENERATE_INFOPLIST_FILE = YES;
				INFOPLIST_KEY_UIApplicationSupportsIndirectInputEvents = YES;
				INFOPLIST_KEY_UILaunchStoryboardName = LaunchScreen;
				INFOPLIST_KEY_UIMainStoryboardFile = Main;
				INFOPLIST_KEY_UIStatusBarHidden = YES;
				INFOPLIST_KEY_UISupportedInterfaceOrientations = "UIInterfaceOrientationLandscapeLeft UIInterfaceOrientationLandscapeRight";
				INFOPLIST_KEY_UISupportedInterfaceOrientations_iPad = "UIInterfaceOrientationLandscapeLeft UIInterfaceOrientationLandscapeRight UIInterfaceOrientationPortrait UIInterfaceOrientationPortraitUpsideDown";
				LD_RUNPATH_SEARCH_PATHS = (
					"$(inherited)",
					"@executable_path/Frameworks",
				);
				MARKETING_VERSION = 1.0;
				PRODUCT_BUNDLE_IDENTIFIER = "ca.centennialcollege.hisham.MAPD724-W2022-MidTerm-301289364";
				PRODUCT_NAME = "$(TARGET_NAME)";
				SUPPORTED_PLATFORMS = "iphoneos iphonesimulator";
				SUPPORTS_MACCATALYST = NO;
				SUPPORTS_MAC_DESIGNED_FOR_IPHONE_IPAD = NO;
				SWIFT_EMIT_LOC_STRINGS = YES;
				SWIFT_VERSION = 5.0;
				TARGETED_DEVICE_FAMILY = 1;
			};
			name = Release;
		};
/* End XCBuildConfiguration section */

/* Begin XCConfigurationList section */
		62BB78B429B5868200C9DD83 /* Build configuration list for PBXProject "MAPD724-W2022-MidTerm-301289364" */ = {
			isa = XCConfigurationList;
			buildConfigurations = (
				62BB78CE29B5868300C9DD83 /* Debug */,
				62BB78CF29B5868300C9DD83 /* Release */,
			);
			defaultConfigurationIsVisible = 0;
			defaultConfigurationName = Release;
		};
		62BB78D029B5868300C9DD83 /* Build configuration list for PBXNativeTarget "MAPD724-W2022-MidTerm-301289364" */ = {
			isa = XCConfigurationList;
			buildConfigurations = (
				62BB78D129B5868300C9DD83 /* Debug */,
				62BB78D229B5868300C9DD83 /* Release */,
			);
			defaultConfigurationIsVisible = 0;
			defaultConfigurationName = Release;
		};
/* End XCConfigurationList section */
	};
	rootObject = 62BB78B129B5868200C9DD83 /* Project object */;
}
